
Microsoft Visual Studio Solution File, Format Version 12.00
# Visual Studio Version 17
VisualStudioVersion = 17.11.35312.102
MinimumVisualStudioVersion = 10.0.40219.1
Project("{FAE04EC0-301F-11D3-BF4B-00C04F79EFBC}") = "XO By Ahmed Mohsen and Sherif Asharf", "XO By Ahmed Mohsen and Sherif Asharf\XO By Ahmed Mohsen and Sherif Asharf.csproj", "{856CA536-4E11-4252-B560-16840CD6B34B}"
EndProject
Global
	GlobalSection(SolutionConfigurationPlatforms) = preSolution
		Debug|Any CPU = Debug|Any CPU
		Release|Any CPU = Release|Any CPU
	EndGlobalSection
	GlobalSection(ProjectConfigurationPlatforms) = postSolution
		{856CA536-4E11-4252-B560-16840CD6B34B}.Debug|Any CPU.ActiveCfg = Debug|Any CPU
		{856CA536-4E11-4252-B560-16840CD6B34B}.Debug|Any CPU.Build.0 = Debug|Any CPU
		{856CA536-4E11-4252-B560-16840CD6B34B}.Release|Any CPU.ActiveCfg = Release|Any CPU
		{856CA536-4E11-4252-B560-16840CD6B34B}.Release|Any CPU.Build.0 = Release|Any CPU
	EndGlobalSection
	GlobalSection(SolutionProperties) = preSolution
		HideSolutionNode = FALSE
	EndGlobalSection
	GlobalSection(ExtensibilityGlobals) = postSolution
		SolutionGuid = {6357B2DA-4D41-4BFD-9BCC-F817F217D8B4}
	EndGlobalSection
EndGlobal
